
Microsoft Visual Studio Solution File, Format Version 12.00
# Visual Studio Version 17
VisualStudioVersion = 17.0.31903.59
MinimumVisualStudioVersion = 10.0.40219.1
Project("{FAE04EC0-301F-11D3-BF4B-00C04F79EFBC}") = "MiniTwit.Core", "MiniTwit.Core\MiniTwit.Core.csproj", "{BD386E98-D0A4-433C-B574-AC0ADFE24090}"
EndProject
Project("{FAE04EC0-301F-11D3-BF4B-00C04F79EFBC}") = "MiniTwit.Server", "MiniTwit.Server\MiniTwit.Server.csproj", "{AA3D8B42-A706-416E-BB8E-A51239360DDA}"
EndProject
Project("{FAE04EC0-301F-11D3-BF4B-00C04F79EFBC}") = "MiniTwit.Infrastructure", "MiniTwit.Infrastructure\MiniTwit.Infrastructure.csproj", "{E02C6A65-A6F7-4542-B451-5104323AD216}"
EndProject
Project("{2150E333-8FDC-42A3-9474-1A3956D46DE8}") = "MiniTwit.Tests", "MiniTwit.Tests", "{1E892E94-FCBA-4D27-A771-37CCEFE86ADF}"
EndProject
Project("{FAE04EC0-301F-11D3-BF4B-00C04F79EFBC}") = "Infrastructure.Tests", "MiniTwit.Tests\Infrastructure.Tests\Infrastructure.Tests.csproj", "{EDB578D2-8D27-4315-80CC-A56F03B1F41A}"
EndProject
Project("{FAE04EC0-301F-11D3-BF4B-00C04F79EFBC}") = "MiniTwit.Security", "MiniTwit.Security\MiniTwit.Security.csproj", "{732F46A3-B12A-4B0B-AAC7-C5764654EBCD}"
EndProject
Project("{FAE04EC0-301F-11D3-BF4B-00C04F79EFBC}") = "Security.Tests", "MiniTwit.Tests\Security.Tests\Security.Tests.csproj", "{CD7374B9-4749-45B3-BF6E-D515F63D39D4}"
EndProject
Project("{FAE04EC0-301F-11D3-BF4B-00C04F79EFBC}") = "MiniTwit.Service", "MiniTwit.Service\MiniTwit.Service.csproj", "{D355A6CF-1054-4AC9-B8E8-0F32635CBF0C}"
EndProject
Project("{FAE04EC0-301F-11D3-BF4B-00C04F79EFBC}") = "Service.Tests", "MiniTwit.Tests\Service.Tests\Service.Tests.csproj", "{86C38589-83DE-4337-9EB8-42823A85432A}"
EndProject
Global
	GlobalSection(SolutionConfigurationPlatforms) = preSolution
		Debug|Any CPU = Debug|Any CPU
		Release|Any CPU = Release|Any CPU
	EndGlobalSection
	GlobalSection(SolutionProperties) = preSolution
		HideSolutionNode = FALSE
	EndGlobalSection
	GlobalSection(ProjectConfigurationPlatforms) = postSolution
		{BD386E98-D0A4-433C-B574-AC0ADFE24090}.Debug|Any CPU.ActiveCfg = Debug|Any CPU
		{BD386E98-D0A4-433C-B574-AC0ADFE24090}.Debug|Any CPU.Build.0 = Debug|Any CPU
		{BD386E98-D0A4-433C-B574-AC0ADFE24090}.Release|Any CPU.ActiveCfg = Release|Any CPU
		{BD386E98-D0A4-433C-B574-AC0ADFE24090}.Release|Any CPU.Build.0 = Release|Any CPU
		{AA3D8B42-A706-416E-BB8E-A51239360DDA}.Debug|Any CPU.ActiveCfg = Debug|Any CPU
		{AA3D8B42-A706-416E-BB8E-A51239360DDA}.Debug|Any CPU.Build.0 = Debug|Any CPU
		{AA3D8B42-A706-416E-BB8E-A51239360DDA}.Release|Any CPU.ActiveCfg = Release|Any CPU
		{AA3D8B42-A706-416E-BB8E-A51239360DDA}.Release|Any CPU.Build.0 = Release|Any CPU
		{E02C6A65-A6F7-4542-B451-5104323AD216}.Debug|Any CPU.ActiveCfg = Debug|Any CPU
		{E02C6A65-A6F7-4542-B451-5104323AD216}.Debug|Any CPU.Build.0 = Debug|Any CPU
		{E02C6A65-A6F7-4542-B451-5104323AD216}.Release|Any CPU.ActiveCfg = Release|Any CPU
		{E02C6A65-A6F7-4542-B451-5104323AD216}.Release|Any CPU.Build.0 = Release|Any CPU
		{EDB578D2-8D27-4315-80CC-A56F03B1F41A}.Debug|Any CPU.ActiveCfg = Debug|Any CPU
		{EDB578D2-8D27-4315-80CC-A56F03B1F41A}.Debug|Any CPU.Build.0 = Debug|Any CPU
		{EDB578D2-8D27-4315-80CC-A56F03B1F41A}.Release|Any CPU.ActiveCfg = Release|Any CPU
		{EDB578D2-8D27-4315-80CC-A56F03B1F41A}.Release|Any CPU.Build.0 = Release|Any CPU
		{732F46A3-B12A-4B0B-AAC7-C5764654EBCD}.Debug|Any CPU.ActiveCfg = Debug|Any CPU
		{732F46A3-B12A-4B0B-AAC7-C5764654EBCD}.Debug|Any CPU.Build.0 = Debug|Any CPU
		{732F46A3-B12A-4B0B-AAC7-C5764654EBCD}.Release|Any CPU.ActiveCfg = Release|Any CPU
		{732F46A3-B12A-4B0B-AAC7-C5764654EBCD}.Release|Any CPU.Build.0 = Release|Any CPU
		{CD7374B9-4749-45B3-BF6E-D515F63D39D4}.Debug|Any CPU.ActiveCfg = Debug|Any CPU
		{CD7374B9-4749-45B3-BF6E-D515F63D39D4}.Debug|Any CPU.Build.0 = Debug|Any CPU
		{CD7374B9-4749-45B3-BF6E-D515F63D39D4}.Release|Any CPU.ActiveCfg = Release|Any CPU
		{CD7374B9-4749-45B3-BF6E-D515F63D39D4}.Release|Any CPU.Build.0 = Release|Any CPU
		{D355A6CF-1054-4AC9-B8E8-0F32635CBF0C}.Debug|Any CPU.ActiveCfg = Debug|Any CPU
		{D355A6CF-1054-4AC9-B8E8-0F32635CBF0C}.Debug|Any CPU.Build.0 = Debug|Any CPU
		{D355A6CF-1054-4AC9-B8E8-0F32635CBF0C}.Release|Any CPU.ActiveCfg = Release|Any CPU
		{D355A6CF-1054-4AC9-B8E8-0F32635CBF0C}.Release|Any CPU.Build.0 = Release|Any CPU
		{86C38589-83DE-4337-9EB8-42823A85432A}.Debug|Any CPU.ActiveCfg = Debug|Any CPU
		{86C38589-83DE-4337-9EB8-42823A85432A}.Debug|Any CPU.Build.0 = Debug|Any CPU
		{86C38589-83DE-4337-9EB8-42823A85432A}.Release|Any CPU.ActiveCfg = Release|Any CPU
		{86C38589-83DE-4337-9EB8-42823A85432A}.Release|Any CPU.Build.0 = Release|Any CPU
	EndGlobalSection
	GlobalSection(NestedProjects) = preSolution
		{EDB578D2-8D27-4315-80CC-A56F03B1F41A} = {1E892E94-FCBA-4D27-A771-37CCEFE86ADF}
		{CD7374B9-4749-45B3-BF6E-D515F63D39D4} = {1E892E94-FCBA-4D27-A771-37CCEFE86ADF}
		{86C38589-83DE-4337-9EB8-42823A85432A} = {1E892E94-FCBA-4D27-A771-37CCEFE86ADF}
	EndGlobalSection
EndGlobal
